# This file is automatically @generated by Cargo.
# It is not intended for manual editing.
version = 3

[[package]]
name = "ramsleuth-bench"
version = "0.1.0"

[[package]]
name = "ramsleuth-client"
version = "0.1.0"

[[package]]
name = "ramsleuth-daemon"
version = "0.1.0"

[[package]]
name = "ramsleuth-gui"
version = "0.1.0"

[[package]]
name = "ramsleuth-telemetry"
version = "0.1.0"

[[package]]
name = "ramsleuth-tui"
version = "0.1.0"
